<?xml version="1.0" encoding="utf-8"?>
<Project ToolsVersion="4.0" xmlns:atg="http://atg.xbox.com" xmlns="http://schemas.microsoft.com/developer/msbuild/2003">
  <ItemGroup>
    <Filter Include="Resource Files">
      <UniqueIdentifier>{8e114980-c1a3-4ada-ad7c-83caadf5daeb}</UniqueIdentifier>
      <Extensions>rc;ico;cur;bmp;dlg;rc2;rct;bin;rgs;gif;jpg;jpeg;jpe</Extensions>
    </Filter>
    <Filter Include="DXUT">
      <UniqueIdentifier>{a43c5c25-0e86-4a20-b64a-883785ff74fd}</UniqueIdentifier>
    </Filter>
    <Filter Include="Shaders">
      <UniqueIdentifier>{2c3d4c8c-5d1a-459a-a05a-a4e4b608a44e}</UniqueIdentifier>
      <Extensions>fx;fxh;hlsl</Extensions>
    </Filter>
    <Filter Include="MainProc">
      <UniqueIdentifier>{f50352ce-00c6-4c0d-89a0-d09d956cfa24}</UniqueIdentifier>
    </Filter>
    <Filter Include="Singleton">
      <UniqueIdentifier>{e92d8694-0250-476d-98d2-a43aaaf3a906}</UniqueIdentifier>
    </Filter>
    <Filter Include="Manager">
      <UniqueIdentifier>{955fb2ae-4c9f-4dd8-8cf0-18872ea63086}</UniqueIdentifier>
    </Filter>
    <Filter Include="Manager\MeshManager">
      <UniqueIdentifier>{3e1766af-a31e-4ce6-8f88-d26dbf644563}</UniqueIdentifier>
    </Filter>
    <Filter Include="Manager\CameraManager">
      <UniqueIdentifier>{d476215e-137a-434a-88bf-41a3c6cb3890}</UniqueIdentifier>
    </Filter>
    <Filter Include="D3DUtility">
      <UniqueIdentifier>{811b32eb-9400-47b5-8094-dff3d09e5d73}</UniqueIdentifier>
    </Filter>
    <Filter Include="Manager\MeshManager\MeshLoader">
      <UniqueIdentifier>{faa2f670-8c6c-4994-b2ad-37e494eaa657}</UniqueIdentifier>
    </Filter>
    <Filter Include="Object">
      <UniqueIdentifier>{cc255a05-2b10-42cc-96bf-be5379f11054}</UniqueIdentifier>
    </Filter>
    <Filter Include="Manager\ObjectManager">
      <UniqueIdentifier>{a79c9f5f-207d-48aa-8284-354d05c260de}</UniqueIdentifier>
    </Filter>
    <Filter Include="Object\Ground">
      <UniqueIdentifier>{8a0485eb-9a54-4605-afe4-633cda704a3e}</UniqueIdentifier>
    </Filter>
    <Filter Include="Object\Player">
      <UniqueIdentifier>{6d870f51-dace-4c6c-b954-990d1c9e2a5f}</UniqueIdentifier>
    </Filter>
    <Filter Include="Manager\InputManager">
      <UniqueIdentifier>{d8731f20-05d2-4a68-9ac9-8bcea49cb010}</UniqueIdentifier>
    </Filter>
    <Filter Include="Manager\CameraManager\Cameras">
      <UniqueIdentifier>{981cfe69-6645-44f9-8cc9-8c953431fd4c}</UniqueIdentifier>
    </Filter>
    <Filter Include="Manager\CameraManager\Cameras\TpCamera">
      <UniqueIdentifier>{612e757c-8ab8-45ef-8a64-4ad6ecd51821}</UniqueIdentifier>
    </Filter>
    <Filter Include="Object\SkyBox">
      <UniqueIdentifier>{ee2b9bfe-a88d-46c7-857e-6702fd0371dd}</UniqueIdentifier>
    </Filter>
    <Filter Include="Manager\TexManager">
      <UniqueIdentifier>{ba6e4050-a124-4afb-b49d-70692a531e94}</UniqueIdentifier>
    </Filter>
    <Filter Include="Scene">
      <UniqueIdentifier>{f8a60104-22fa-4e19-9f9b-91407c511ac1}</UniqueIdentifier>
    </Filter>
    <Filter Include="Manager\SceneManager">
      <UniqueIdentifier>{390a1ec4-c4c8-4228-bf32-1e57035980aa}</UniqueIdentifier>
    </Filter>
    <Filter Include="Scene\LoadScene">
      <UniqueIdentifier>{c39b7a76-09e2-48f5-9308-f007d5f8cb38}</UniqueIdentifier>
    </Filter>
    <Filter Include="Scene\IngameScene">
      <UniqueIdentifier>{8446b890-7bc9-4544-a30f-e4da329a22ac}</UniqueIdentifier>
    </Filter>
    <Filter Include="Object\Player\PlayerBody">
      <UniqueIdentifier>{e8231c66-29ed-4ee2-8014-16cad623332a}</UniqueIdentifier>
    </Filter>
    <Filter Include="Object\Player\PlayerBottom">
      <UniqueIdentifier>{72a970e8-71c0-4d07-8663-d7d8cc2028a1}</UniqueIdentifier>
    </Filter>
    <Filter Include="Object\Bullet">
      <UniqueIdentifier>{f9f2249a-a702-4677-8c8a-0cb51f4743dd}</UniqueIdentifier>
    </Filter>
    <Filter Include="Object\BulletFire">
      <UniqueIdentifier>{526b341a-652f-415e-8e63-14e33eb3d8a4}</UniqueIdentifier>
    </Filter>
    <Filter Include="Object\Enemy">
      <UniqueIdentifier>{05834866-5b3d-4601-b8a6-1804589488b0}</UniqueIdentifier>
    </Filter>
    <Filter Include="Object\Enemy\Enemy1">
      <UniqueIdentifier>{4654a9c7-88b9-49cf-8be8-ddae9680edf0}</UniqueIdentifier>
    </Filter>
    <Filter Include="Object\Effect">
      <UniqueIdentifier>{6db76f2c-22e1-4576-915a-83ac66ef8cbf}</UniqueIdentifier>
    </Filter>
    <Filter Include="Object\Effect\FireEffect">
      <UniqueIdentifier>{f154c2be-9226-4a02-963e-8384b9d096cf}</UniqueIdentifier>
    </Filter>
    <Filter Include="Object\UI">
      <UniqueIdentifier>{15104883-070f-4a45-8bec-71b5dbfac639}</UniqueIdentifier>
    </Filter>
    <Filter Include="Manager\GameManager">
      <UniqueIdentifier>{ccd28df3-d692-449f-ae70-40b2fc1ad94a}</UniqueIdentifier>
    </Filter>
    <Filter Include="Object\Enemy\Enemy2">
      <UniqueIdentifier>{cc9f2615-5675-4732-b6c2-bd73df348ca0}</UniqueIdentifier>
    </Filter>
    <Filter Include="Manager\SoundManager">
      <UniqueIdentifier>{b7b3c85b-0d83-4553-9a25-00793b9cb32f}</UniqueIdentifier>
    </Filter>
    <Filter Include="Object\Player\HpUI">
      <UniqueIdentifier>{99783e86-32e0-438f-bf79-fbb6be8518f8}</UniqueIdentifier>
    </Filter>
    <Filter Include="Object\Enemy\Boss">
      <UniqueIdentifier>{cfc4c4ba-6037-435a-8566-7341d04e6b94}</UniqueIdentifier>
    </Filter>
  </ItemGroup>
  <ItemGroup>
    <None Include="DXUT\Optional\directx.ico">
      <Filter>Resource Files</Filter>
    </None>
    <ClInclude Include="DXUT\Core\DXUT.h">
      <Filter>DXUT</Filter>
    </ClInclude>
    <ClInclude Include="DXUT\Core\DXUTenum.h">
      <Filter>DXUT</Filter>
    </ClInclude>
    <ClInclude Include="DXUT\Core\DXUTmisc.h">
      <Filter>DXUT</Filter>
    </ClInclude>
    <ClCompile Include="DXUT\Core\DXUT.cpp">
      <Filter>DXUT</Filter>
    </ClCompile>
    <ClCompile Include="DXUT\Core\DXUTenum.cpp">
      <Filter>DXUT</Filter>
    </ClCompile>
    <ClCompile Include="DXUT\Core\DXUTmisc.cpp">
      <Filter>DXUT</Filter>
    </ClCompile>
    <ClInclude Include="DXUT\Optional\DXUTcamera.h">
      <Filter>DXUT</Filter>
    </ClInclude>
    <ClInclude Include="DXUT\Optional\DXUTgui.h">
      <Filter>DXUT</Filter>
    </ClInclude>
    <ClInclude Include="DXUT\Optional\DXUTres.h">
      <Filter>DXUT</Filter>
    </ClInclude>
    <ClInclude Include="DXUT\Optional\DXUTsettingsdlg.h">
      <Filter>DXUT</Filter>
    </ClInclude>
    <ClInclude Include="DXUT\Optional\SDKmesh.h">
      <Filter>DXUT</Filter>
    </ClInclude>
    <ClInclude Include="DXUT\Optional\SDKmisc.h">
      <Filter>DXUT</Filter>
    </ClInclude>
    <ClCompile Include="DXUT\Optional\DXUTcamera.cpp">
      <Filter>DXUT</Filter>
    </ClCompile>
    <ClCompile Include="DXUT\Optional\DXUTgui.cpp">
      <Filter>DXUT</Filter>
    </ClCompile>
    <ClCompile Include="DXUT\Optional\DXUTres.cpp">
      <Filter>DXUT</Filter>
    </ClCompile>
    <ClCompile Include="DXUT\Optional\DXUTsettingsdlg.cpp">
      <Filter>DXUT</Filter>
    </ClCompile>
    <ClCompile Include="DXUT\Optional\SDKmesh.cpp">
      <Filter>DXUT</Filter>
    </ClCompile>
    <ClCompile Include="DXUT\Optional\SDKmisc.cpp">
      <Filter>DXUT</Filter>
    </ClCompile>
  </ItemGroup>
  <ItemGroup>
    <ClCompile Include="D3DX9PRECTICE.cpp" />
    <ClCompile Include="MainProc.cpp">
      <Filter>MainProc</Filter>
    </ClCompile>
    <ClCompile Include="MeshManager.cpp">
      <Filter>Manager\MeshManager</Filter>
    </ClCompile>
    <ClCompile Include="CameraManager.cpp">
      <Filter>Manager\CameraManager</Filter>
    </ClCompile>
    <ClCompile Include="d3dUtility.cpp">
      <Filter>D3DUtility</Filter>
    </ClCompile>
    <ClCompile Include="MeshLoader.cpp">
      <Filter>Manager\MeshManager\MeshLoader</Filter>
    </ClCompile>
    <ClCompile Include="Object.cpp">
      <Filter>Object</Filter>
    </ClCompile>
    <ClCompile Include="ObjectManager.cpp">
      <Filter>Manager\ObjectManager</Filter>
    </ClCompile>
    <ClCompile Include="Ground.cpp">
      <Filter>Object\Ground</Filter>
    </ClCompile>
    <ClCompile Include="Player.cpp">
      <Filter>Object\Player</Filter>
    </ClCompile>
    <ClCompile Include="InputManager.cpp">
      <Filter>Manager\InputManager</Filter>
    </ClCompile>
    <ClCompile Include="Camera.cpp">
      <Filter>Manager\CameraManager\Cameras</Filter>
    </ClCompile>
    <ClCompile Include="TpCamera.cpp">
      <Filter>Manager\CameraManager\Cameras\TpCamera</Filter>
    </ClCompile>
    <ClCompile Include="SkyBox.cpp">
      <Filter>Object\SkyBox</Filter>
    </ClCompile>
    <ClCompile Include="TexManager.cpp">
      <Filter>Manager\TexManager</Filter>
    </ClCompile>
    <ClCompile Include="SceneManager.cpp">
      <Filter>Manager\SceneManager</Filter>
    </ClCompile>
    <ClCompile Include="LoadScene.cpp">
      <Filter>Scene\LoadScene</Filter>
    </ClCompile>
    <ClCompile Include="IngameScene.cpp">
      <Filter>Scene\IngameScene</Filter>
    </ClCompile>
    <ClCompile Include="PlayerBody.cpp">
      <Filter>Object\Player\PlayerBody</Filter>
    </ClCompile>
    <ClCompile Include="PlayerBottom.cpp">
      <Filter>Object\Player\PlayerBottom</Filter>
    </ClCompile>
    <ClCompile Include="Bullet.cpp">
      <Filter>Object\Bullet</Filter>
    </ClCompile>
    <ClCompile Include="BulletFire.cpp">
      <Filter>Object\BulletFire</Filter>
    </ClCompile>
    <ClCompile Include="Enemy1.cpp">
      <Filter>Object\Enemy\Enemy1</Filter>
    </ClCompile>
    <ClCompile Include="FireEffect.cpp">
      <Filter>Object\Effect\FireEffect</Filter>
    </ClCompile>
    <ClCompile Include="UI.cpp">
      <Filter>Object\UI</Filter>
    </ClCompile>
    <ClCompile Include="GameManager.cpp">
      <Filter>Manager\GameManager</Filter>
    </ClCompile>
    <ClCompile Include="Enemy.cpp">
      <Filter>Object\Enemy</Filter>
    </ClCompile>
    <ClCompile Include="Enemy2.cpp">
      <Filter>Object\Enemy\Enemy2</Filter>
    </ClCompile>
    <ClCompile Include="SoundManager.cpp">
      <Filter>Manager\SoundManager</Filter>
    </ClCompile>
    <ClCompile Include="HpUI.cpp">
      <Filter>Object\Player\HpUI</Filter>
    </ClCompile>
    <ClCompile Include="Boss.cpp">
      <Filter>Object\Enemy\Boss</Filter>
    </ClCompile>
  </ItemGroup>
  <ItemGroup>
    <CLInclude Include="resource.h">
      <Filter>Resource Files</Filter>
    </CLInclude>
    <ResourceCompile Include="D3DX9PRECTICE.rc">
      <Filter>Resource Files</Filter>
    </ResourceCompile>
    <ClInclude Include="MainProc.h">
      <Filter>MainProc</Filter>
    </ClInclude>
    <ClInclude Include="stdafx.h" />
    <ClInclude Include="MeshManager.h">
      <Filter>Manager\MeshManager</Filter>
    </ClInclude>
    <ClInclude Include="Singleton.h">
      <Filter>Singleton</Filter>
    </ClInclude>
    <ClInclude Include="CameraManager.h">
      <Filter>Manager\CameraManager</Filter>
    </ClInclude>
    <ClInclude Include="d3dUtility.h">
      <Filter>D3DUtility</Filter>
    </ClInclude>
    <ClInclude Include="MeshLoader.h">
      <Filter>Manager\MeshManager\MeshLoader</Filter>
    </ClInclude>
    <ClInclude Include="Object.h">
      <Filter>Object</Filter>
    </ClInclude>
    <ClInclude Include="ObjectManager.h">
      <Filter>Manager\ObjectManager</Filter>
    </ClInclude>
    <ClInclude Include="Ground.h">
      <Filter>Object\Ground</Filter>
    </ClInclude>
    <ClInclude Include="Player.h">
      <Filter>Object\Player</Filter>
    </ClInclude>
    <ClInclude Include="InputManager.h">
      <Filter>Manager\InputManager</Filter>
    </ClInclude>
    <ClInclude Include="Camera.h">
      <Filter>Manager\CameraManager\Cameras</Filter>
    </ClInclude>
    <ClInclude Include="TpCamera.h">
      <Filter>Manager\CameraManager\Cameras\TpCamera</Filter>
    </ClInclude>
    <ClInclude Include="SkyBox.h">
      <Filter>Object\SkyBox</Filter>
    </ClInclude>
    <ClInclude Include="TexManager.h">
      <Filter>Manager\TexManager</Filter>
    </ClInclude>
    <ClInclude Include="Scene.h">
      <Filter>Scene</Filter>
    </ClInclude>
    <ClInclude Include="SceneManager.h">
      <Filter>Manager\SceneManager</Filter>
    </ClInclude>
    <ClInclude Include="LoadScene.h">
      <Filter>Scene\LoadScene</Filter>
    </ClInclude>
    <ClInclude Include="IngameScene.h">
      <Filter>Scene\IngameScene</Filter>
    </ClInclude>
    <ClInclude Include="PlayerBody.h">
      <Filter>Object\Player\PlayerBody</Filter>
    </ClInclude>
    <ClInclude Include="PlayerBottom.h">
      <Filter>Object\Player\PlayerBottom</Filter>
    </ClInclude>
    <ClInclude Include="Bullet.h">
      <Filter>Object\Bullet</Filter>
    </ClInclude>
    <ClInclude Include="BulletFire.h">
      <Filter>Object\BulletFire</Filter>
    </ClInclude>
    <ClInclude Include="Enemy1.h">
      <Filter>Object\Enemy\Enemy1</Filter>
    </ClInclude>
    <ClInclude Include="FireEffect.h">
      <Filter>Object\Effect\FireEffect</Filter>
    </ClInclude>
    <ClInclude Include="UI.h">
      <Filter>Object\UI</Filter>
    </ClInclude>
    <ClInclude Include="GameManager.h">
      <Filter>Manager\GameManager</Filter>
    </ClInclude>
    <ClInclude Include="Enemy.h">
      <Filter>Object\Enemy</Filter>
    </ClInclude>
    <ClInclude Include="Enemy2.h">
      <Filter>Object\Enemy\Enemy2</Filter>
    </ClInclude>
    <ClInclude Include="SoundManager.h">
      <Filter>Manager\SoundManager</Filter>
    </ClInclude>
    <ClInclude Include="HpUI.h">
      <Filter>Object\Player\HpUI</Filter>
    </ClInclude>
    <ClInclude Include="Boss.h">
      <Filter>Object\Enemy\Boss</Filter>
    </ClInclude>
  </ItemGroup>
  <ItemGroup>
  </ItemGroup>
</Project>