<?xml version="1.0" encoding="utf-8"?>
<Project ToolsVersion="4.0" xmlns:atg="http://atg.xbox.com" xmlns="http://schemas.microsoft.com/developer/msbuild/2003">
  <ItemGroup>
    <Filter Include="Resource Files">
      <UniqueIdentifier>{8e114980-c1a3-4ada-ad7c-83caadf5daeb}</UniqueIdentifier>
      <Extensions>rc;ico;cur;bmp;dlg;rc2;rct;bin;rgs;gif;jpg;jpeg;jpe</Extensions>
    </Filter>
    <Filter Include="DXUT">
      <UniqueIdentifier>{a43c5c25-0e86-4a20-b64a-883785ff74fd}</UniqueIdentifier>
    </Filter>
    <Filter Include="Shaders">
      <UniqueIdentifier>{2c3d4c8c-5d1a-459a-a05a-a4e4b608a44e}</UniqueIdentifier>
      <Extensions>fx;fxh;hlsl</Extensions>
    </Filter>
    <Filter Include="MainProc">
      <UniqueIdentifier>{f50352ce-00c6-4c0d-89a0-d09d956cfa24}</UniqueIdentifier>
    </Filter>
    <Filter Include="Singleton">
      <UniqueIdentifier>{e92d8694-0250-476d-98d2-a43aaaf3a906}</UniqueIdentifier>
    </Filter>
    <Filter Include="Manager">
      <UniqueIdentifier>{955fb2ae-4c9f-4dd8-8cf0-18872ea63086}</UniqueIdentifier>
    </Filter>
    <Filter Include="Manager\MeshManager">
      <UniqueIdentifier>{3e1766af-a31e-4ce6-8f88-d26dbf644563}</UniqueIdentifier>
    </Filter>
    <Filter Include="Manager\CameraManager">
      <UniqueIdentifier>{d476215e-137a-434a-88bf-41a3c6cb3890}</UniqueIdentifier>
    </Filter>
    <Filter Include="D3DUtility">
      <UniqueIdentifier>{811b32eb-9400-47b5-8094-dff3d09e5d73}</UniqueIdentifier>
    </Filter>
    <Filter Include="Manager\MeshManager\MeshLoader">
      <UniqueIdentifier>{faa2f670-8c6c-4994-b2ad-37e494eaa657}</UniqueIdentifier>
    </Filter>
    <Filter Include="Object">
      <UniqueIdentifier>{cc255a05-2b10-42cc-96bf-be5379f11054}</UniqueIdentifier>
    </Filter>
    <Filter Include="Manager\ObjectManager">
      <UniqueIdentifier>{a79c9f5f-207d-48aa-8284-354d05c260de}</UniqueIdentifier>
    </Filter>
    <Filter Include="Object\Ground">
      <UniqueIdentifier>{8a0485eb-9a54-4605-afe4-633cda704a3e}</UniqueIdentifier>
    </Filter>
    <Filter Include="Object\Player">
      <UniqueIdentifier>{6d870f51-dace-4c6c-b954-990d1c9e2a5f}</UniqueIdentifier>
    </Filter>
    <Filter Include="Manager\InputManager">
      <UniqueIdentifier>{d8731f20-05d2-4a68-9ac9-8bcea49cb010}</UniqueIdentifier>
    </Filter>
    <Filter Include="Manager\CameraManager\Cameras">
      <UniqueIdentifier>{981cfe69-6645-44f9-8cc9-8c953431fd4c}</UniqueIdentifier>
    </Filter>
    <Filter Include="Manager\CameraManager\Cameras\TpCamera">
      <UniqueIdentifier>{612e757c-8ab8-45ef-8a64-4ad6ecd51821}</UniqueIdentifier>
    </Filter>
  </ItemGroup>
  <ItemGroup>
    <None Include="DXUT\Optional\directx.ico">
      <Filter>Resource Files</Filter>
    </None>
    <ClInclude Include="DXUT\Core\DXUT.h">
      <Filter>DXUT</Filter>
    </ClInclude>
    <ClInclude Include="DXUT\Core\DXUTenum.h">
      <Filter>DXUT</Filter>
    </ClInclude>
    <ClInclude Include="DXUT\Core\DXUTmisc.h">
      <Filter>DXUT</Filter>
    </ClInclude>
    <ClCompile Include="DXUT\Core\DXUT.cpp">
      <Filter>DXUT</Filter>
    </ClCompile>
    <ClCompile Include="DXUT\Core\DXUTenum.cpp">
      <Filter>DXUT</Filter>
    </ClCompile>
    <ClCompile Include="DXUT\Core\DXUTmisc.cpp">
      <Filter>DXUT</Filter>
    </ClCompile>
    <ClInclude Include="DXUT\Optional\DXUTcamera.h">
      <Filter>DXUT</Filter>
    </ClInclude>
    <ClInclude Include="DXUT\Optional\DXUTgui.h">
      <Filter>DXUT</Filter>
    </ClInclude>
    <ClInclude Include="DXUT\Optional\DXUTres.h">
      <Filter>DXUT</Filter>
    </ClInclude>
    <ClInclude Include="DXUT\Optional\DXUTsettingsdlg.h">
      <Filter>DXUT</Filter>
    </ClInclude>
    <ClInclude Include="DXUT\Optional\SDKmesh.h">
      <Filter>DXUT</Filter>
    </ClInclude>
    <ClInclude Include="DXUT\Optional\SDKmisc.h">
      <Filter>DXUT</Filter>
    </ClInclude>
    <ClCompile Include="DXUT\Optional\DXUTcamera.cpp">
      <Filter>DXUT</Filter>
    </ClCompile>
    <ClCompile Include="DXUT\Optional\DXUTgui.cpp">
      <Filter>DXUT</Filter>
    </ClCompile>
    <ClCompile Include="DXUT\Optional\DXUTres.cpp">
      <Filter>DXUT</Filter>
    </ClCompile>
    <ClCompile Include="DXUT\Optional\DXUTsettingsdlg.cpp">
      <Filter>DXUT</Filter>
    </ClCompile>
    <ClCompile Include="DXUT\Optional\SDKmesh.cpp">
      <Filter>DXUT</Filter>
    </ClCompile>
    <ClCompile Include="DXUT\Optional\SDKmisc.cpp">
      <Filter>DXUT</Filter>
    </ClCompile>
  </ItemGroup>
  <ItemGroup>
    <ClCompile Include="D3DX9PRECTICE.cpp" />
    <ClCompile Include="MainProc.cpp">
      <Filter>MainProc</Filter>
    </ClCompile>
    <ClCompile Include="MeshManager.cpp">
      <Filter>Manager\MeshManager</Filter>
    </ClCompile>
    <ClCompile Include="CameraManager.cpp">
      <Filter>Manager\CameraManager</Filter>
    </ClCompile>
    <ClCompile Include="d3dUtility.cpp">
      <Filter>D3DUtility</Filter>
    </ClCompile>
    <ClCompile Include="MeshLoader.cpp">
      <Filter>Manager\MeshManager\MeshLoader</Filter>
    </ClCompile>
    <ClCompile Include="Object.cpp">
      <Filter>Object</Filter>
    </ClCompile>
    <ClCompile Include="ObjectManager.cpp">
      <Filter>Manager\ObjectManager</Filter>
    </ClCompile>
    <ClCompile Include="Ground.cpp">
      <Filter>Object\Ground</Filter>
    </ClCompile>
    <ClCompile Include="Player.cpp">
      <Filter>Object\Player</Filter>
    </ClCompile>
    <ClCompile Include="InputManager.cpp">
      <Filter>Manager\InputManager</Filter>
    </ClCompile>
    <ClCompile Include="Camera.cpp">
      <Filter>Manager\CameraManager\Cameras</Filter>
    </ClCompile>
    <ClCompile Include="TpCamera.cpp">
      <Filter>Manager\CameraManager\Cameras\TpCamera</Filter>
    </ClCompile>
  </ItemGroup>
  <ItemGroup>
    <CLInclude Include="resource.h">
      <Filter>Resource Files</Filter>
    </CLInclude>
    <ResourceCompile Include="D3DX9PRECTICE.rc">
      <Filter>Resource Files</Filter>
    </ResourceCompile>
    <ClInclude Include="MainProc.h">
      <Filter>MainProc</Filter>
    </ClInclude>
    <ClInclude Include="stdafx.h" />
    <ClInclude Include="MeshManager.h">
      <Filter>Manager\MeshManager</Filter>
    </ClInclude>
    <ClInclude Include="Singleton.h">
      <Filter>Singleton</Filter>
    </ClInclude>
    <ClInclude Include="CameraManager.h">
      <Filter>Manager\CameraManager</Filter>
    </ClInclude>
    <ClInclude Include="d3dUtility.h">
      <Filter>D3DUtility</Filter>
    </ClInclude>
    <ClInclude Include="MeshLoader.h">
      <Filter>Manager\MeshManager\MeshLoader</Filter>
    </ClInclude>
    <ClInclude Include="Object.h">
      <Filter>Object</Filter>
    </ClInclude>
    <ClInclude Include="ObjectManager.h">
      <Filter>Manager\ObjectManager</Filter>
    </ClInclude>
    <ClInclude Include="Ground.h">
      <Filter>Object\Ground</Filter>
    </ClInclude>
    <ClInclude Include="Player.h">
      <Filter>Object\Player</Filter>
    </ClInclude>
    <ClInclude Include="InputManager.h">
      <Filter>Manager\InputManager</Filter>
    </ClInclude>
    <ClInclude Include="Camera.h">
      <Filter>Manager\CameraManager\Cameras</Filter>
    </ClInclude>
    <ClInclude Include="TpCamera.h">
      <Filter>Manager\CameraManager\Cameras\TpCamera</Filter>
    </ClInclude>
  </ItemGroup>
  <ItemGroup>
  </ItemGroup>
</Project>